
Microsoft Visual Studio Solution File, Format Version 12.00
# Visual Studio Version 16
VisualStudioVersion = 16.0.31321.278
MinimumVisualStudioVersion = 10.0.40219.1
Project("{9A19103F-16F7-4668-BE54-9A1E7A4F7556}") = "PracticeMod", "PracticeMod\PracticeMod.csproj", "{939621E5-A9E6-4E4F-8412-67681960CCE8}"
EndProject
Project("{9A19103F-16F7-4668-BE54-9A1E7A4F7556}") = "NMS ModHelper.Console", "NMS ModHelper.Console\NMS ModHelper.Console.csproj", "{77487A8B-B41C-4B70-B073-DD6CD1B16EF2}"
EndProject
Project("{9A19103F-16F7-4668-BE54-9A1E7A4F7556}") = "NMS ModHelper", "NMS ModHelper\NMS ModHelper.csproj", "{204C320E-BC33-4F30-B8D2-092BCEA49554}"
EndProject
Global
	GlobalSection(SolutionConfigurationPlatforms) = preSolution
		Debug|Any CPU = Debug|Any CPU
		Release|Any CPU = Release|Any CPU
	EndGlobalSection
	GlobalSection(ProjectConfigurationPlatforms) = postSolution
		{939621E5-A9E6-4E4F-8412-67681960CCE8}.Debug|Any CPU.ActiveCfg = Debug|Any CPU
		{939621E5-A9E6-4E4F-8412-67681960CCE8}.Debug|Any CPU.Build.0 = Debug|Any CPU
		{939621E5-A9E6-4E4F-8412-67681960CCE8}.Release|Any CPU.ActiveCfg = Release|Any CPU
		{939621E5-A9E6-4E4F-8412-67681960CCE8}.Release|Any CPU.Build.0 = Release|Any CPU
		{77487A8B-B41C-4B70-B073-DD6CD1B16EF2}.Debug|Any CPU.ActiveCfg = Debug|Any CPU
		{77487A8B-B41C-4B70-B073-DD6CD1B16EF2}.Debug|Any CPU.Build.0 = Debug|Any CPU
		{77487A8B-B41C-4B70-B073-DD6CD1B16EF2}.Release|Any CPU.ActiveCfg = Release|Any CPU
		{77487A8B-B41C-4B70-B073-DD6CD1B16EF2}.Release|Any CPU.Build.0 = Release|Any CPU
		{204C320E-BC33-4F30-B8D2-092BCEA49554}.Debug|Any CPU.ActiveCfg = Debug|Any CPU
		{204C320E-BC33-4F30-B8D2-092BCEA49554}.Debug|Any CPU.Build.0 = Debug|Any CPU
		{204C320E-BC33-4F30-B8D2-092BCEA49554}.Release|Any CPU.ActiveCfg = Release|Any CPU
		{204C320E-BC33-4F30-B8D2-092BCEA49554}.Release|Any CPU.Build.0 = Release|Any CPU
	EndGlobalSection
	GlobalSection(SolutionProperties) = preSolution
		HideSolutionNode = FALSE
	EndGlobalSection
	GlobalSection(ExtensibilityGlobals) = postSolution
		SolutionGuid = {29805C00-E8E5-4F6C-8B09-AB2D0C2FC2E6}
	EndGlobalSection
EndGlobal
