
Microsoft Visual Studio Solution File, Format Version 12.00
# Visual Studio Version 16
VisualStudioVersion = 16.0.31321.278
MinimumVisualStudioVersion = 10.0.40219.1
Project("{9A19103F-16F7-4668-BE54-9A1E7A4F7556}") = "NMS_ModHelper.Lib", "NMS_ModHelper.Lib\NMS_ModHelper.Lib.csproj", "{37C36B42-F3A0-4BF2-B55A-FC2D14003D49}"
EndProject
Project("{9A19103F-16F7-4668-BE54-9A1E7A4F7556}") = "NMS_ModHelper.Console", "NMS_ModHelper.Console\NMS_ModHelper.Console.csproj", "{70E71D12-A00A-40B0-93A0-3081207E6753}"
EndProject
Project("{FAE04EC0-301F-11D3-BF4B-00C04F79EFBC}") = "PracticeMod", "PracticeMod\PracticeMod.csproj", "{939621E5-A9E6-4E4F-8412-67681960CCE8}"
EndProject
Global
	GlobalSection(SolutionConfigurationPlatforms) = preSolution
		Debug|Any CPU = Debug|Any CPU
		Release|Any CPU = Release|Any CPU
	EndGlobalSection
	GlobalSection(ProjectConfigurationPlatforms) = postSolution
		{37C36B42-F3A0-4BF2-B55A-FC2D14003D49}.Debug|Any CPU.ActiveCfg = Debug|Any CPU
		{37C36B42-F3A0-4BF2-B55A-FC2D14003D49}.Debug|Any CPU.Build.0 = Debug|Any CPU
		{37C36B42-F3A0-4BF2-B55A-FC2D14003D49}.Release|Any CPU.ActiveCfg = Release|Any CPU
		{37C36B42-F3A0-4BF2-B55A-FC2D14003D49}.Release|Any CPU.Build.0 = Release|Any CPU
		{70E71D12-A00A-40B0-93A0-3081207E6753}.Debug|Any CPU.ActiveCfg = Debug|Any CPU
		{70E71D12-A00A-40B0-93A0-3081207E6753}.Debug|Any CPU.Build.0 = Debug|Any CPU
		{70E71D12-A00A-40B0-93A0-3081207E6753}.Release|Any CPU.ActiveCfg = Release|Any CPU
		{70E71D12-A00A-40B0-93A0-3081207E6753}.Release|Any CPU.Build.0 = Release|Any CPU
		{939621E5-A9E6-4E4F-8412-67681960CCE8}.Debug|Any CPU.ActiveCfg = Debug|Any CPU
		{939621E5-A9E6-4E4F-8412-67681960CCE8}.Debug|Any CPU.Build.0 = Debug|Any CPU
		{939621E5-A9E6-4E4F-8412-67681960CCE8}.Release|Any CPU.ActiveCfg = Release|Any CPU
		{939621E5-A9E6-4E4F-8412-67681960CCE8}.Release|Any CPU.Build.0 = Release|Any CPU
	EndGlobalSection
	GlobalSection(SolutionProperties) = preSolution
		HideSolutionNode = FALSE
	EndGlobalSection
	GlobalSection(ExtensibilityGlobals) = postSolution
		SolutionGuid = {29805C00-E8E5-4F6C-8B09-AB2D0C2FC2E6}
	EndGlobalSection
EndGlobal
