
Microsoft Visual Studio Solution File, Format Version 12.00
# Visual Studio Version 16
VisualStudioVersion = 16.0.31321.278
MinimumVisualStudioVersion = 10.0.40219.1
Project("{FAE04EC0-301F-11D3-BF4B-00C04F79EFBC}") = "No Mans API.Console", "No Mans API.Console\No Mans API.Console.csproj", "{ABB34CEE-ED0C-4E2C-83AC-EA6FE831132E}"
EndProject
Project("{FAE04EC0-301F-11D3-BF4B-00C04F79EFBC}") = "No Mans API.Lib", "No Mans API.Lib\No Mans API.Lib.csproj", "{E1B9CB92-AB06-4EBC-ADE8-EE82E567C05D}"
EndProject
Global
	GlobalSection(SolutionConfigurationPlatforms) = preSolution
		Debug|Any CPU = Debug|Any CPU
		Release|Any CPU = Release|Any CPU
	EndGlobalSection
	GlobalSection(ProjectConfigurationPlatforms) = postSolution
		{ABB34CEE-ED0C-4E2C-83AC-EA6FE831132E}.Debug|Any CPU.ActiveCfg = Debug|Any CPU
		{ABB34CEE-ED0C-4E2C-83AC-EA6FE831132E}.Debug|Any CPU.Build.0 = Debug|Any CPU
		{ABB34CEE-ED0C-4E2C-83AC-EA6FE831132E}.Release|Any CPU.ActiveCfg = Release|Any CPU
		{ABB34CEE-ED0C-4E2C-83AC-EA6FE831132E}.Release|Any CPU.Build.0 = Release|Any CPU
		{E1B9CB92-AB06-4EBC-ADE8-EE82E567C05D}.Debug|Any CPU.ActiveCfg = Debug|Any CPU
		{E1B9CB92-AB06-4EBC-ADE8-EE82E567C05D}.Debug|Any CPU.Build.0 = Debug|Any CPU
		{E1B9CB92-AB06-4EBC-ADE8-EE82E567C05D}.Release|Any CPU.ActiveCfg = Release|Any CPU
		{E1B9CB92-AB06-4EBC-ADE8-EE82E567C05D}.Release|Any CPU.Build.0 = Release|Any CPU
	EndGlobalSection
	GlobalSection(SolutionProperties) = preSolution
		HideSolutionNode = FALSE
	EndGlobalSection
	GlobalSection(ExtensibilityGlobals) = postSolution
		SolutionGuid = {29805C00-E8E5-4F6C-8B09-AB2D0C2FC2E6}
	EndGlobalSection
EndGlobal
